# THIS IS AN AUTOGENERATED FILE. DO NOT EDIT THIS FILE DIRECTLY.
# yarn lockfile v1


"@vue/reactivity@3.2.21", "@vue/reactivity@^3.2.21":
  version "3.2.21"
  resolved "https://registry.npmmirror.com/@vue/reactivity/download/@vue/reactivity-3.2.21.tgz?cache=0&sync_timestamp=1635836342408&other_urls=https%3A%2F%2Fregistry.npmmirror.com%2F%40vue%2Freactivity%2Fdownload%2F%40vue%2Freactivity-3.2.21.tgz#073ad144192ed78a07e151e95a3baa515e4099a2"
  integrity sha1-BzrRRBku14oH4VHpWjuqUV5AmaI=
  dependencies:
    "@vue/shared" "3.2.21"

"@vue/runtime-core@3.2.21":
  version "3.2.21"
  resolved "https://registry.npmmirror.com/@vue/runtime-core/download/@vue/runtime-core-3.2.21.tgz?cache=0&sync_timestamp=1635836340681&other_urls=https%3A%2F%2Fregistry.npmmirror.com%2F%40vue%2Fruntime-core%2Fdownload%2F%40vue%2Fruntime-core-3.2.21.tgz#e12dac8c3893b7aebfc37e32066718d8aa686ac5"
  integrity sha1-4S2sjDiTt66/w34yBmcY2KpoasU=
  dependencies:
    "@vue/reactivity" "3.2.21"
    "@vue/shared" "3.2.21"

"@vue/runtime-dom@^3.2.21":
  version "3.2.21"
  resolved "https://registry.npmmirror.com/@vue/runtime-dom/download/@vue/runtime-dom-3.2.21.tgz#33dd15bc85281e773177a30dc6931c294bd77aa1"
  integrity sha1-M90VvIUoHncxd6MNxpMcKUvXeqE=
  dependencies:
    "@vue/runtime-core" "3.2.21"
    "@vue/shared" "3.2.21"
    csstype "^2.6.8"

"@vue/shared@3.2.21":
  version "3.2.21"
  resolved "https://registry.npmmirror.com/@vue/shared/download/@vue/shared-3.2.21.tgz?cache=0&sync_timestamp=1635836337223&other_urls=https%3A%2F%2Fregistry.npmmirror.com%2F%40vue%2Fshared%2Fdownload%2F%40vue%2Fshared-3.2.21.tgz#4cd80c0e62cf65a7adab2449e86b6f0cb33a130b"
  integrity sha1-TNgMDmLPZaetqyRJ6GtvDLM6Ews=

csstype@^2.6.8:
  version "2.6.18"
  resolved "https://registry.nlark.com/csstype/download/csstype-2.6.18.tgz#980a8b53085f34af313410af064f2bd241784218"
  integrity sha1-mAqLUwhfNK8xNBCvBk8r0kF4Qhg=
