# THIS IS AN AUTOGENERATED FILE. DO NOT EDIT THIS FILE DIRECTLY.
# yarn lockfile v1


"@vue/reactivity@^3.2.21":
  version "3.2.21"
  resolved "https://registry.npmmirror.com/@vue/reactivity/download/@vue/reactivity-3.2.21.tgz?cache=0&sync_timestamp=1635836342408&other_urls=https%3A%2F%2Fregistry.npmmirror.com%2F%40vue%2Freactivity%2Fdownload%2F%40vue%2Freactivity-3.2.21.tgz#073ad144192ed78a07e151e95a3baa515e4099a2"
  integrity sha1-BzrRRBku14oH4VHpWjuqUV5AmaI=
  dependencies:
    "@vue/shared" "3.2.21"

"@vue/shared@3.2.21":
  version "3.2.21"
  resolved "https://registry.npmmirror.com/@vue/shared/download/@vue/shared-3.2.21.tgz?cache=0&sync_timestamp=1635836337223&other_urls=https%3A%2F%2Fregistry.npmmirror.com%2F%40vue%2Fshared%2Fdownload%2F%40vue%2Fshared-3.2.21.tgz#4cd80c0e62cf65a7adab2449e86b6f0cb33a130b"
  integrity sha1-TNgMDmLPZaetqyRJ6GtvDLM6Ews=
