{
  "name": "vue3-ts",
  "version": "0.0.0",
  "lockfileVersion": 1,
  "requires": true,
  "dependencies": {
    "@babel/parser": {
      "version": "7.16.7",
      "resolved": "https://registry.npmmirror.com/@babel/parser/download/@babel/parser-7.16.7.tgz",
      "integrity": "sha512-sR4eaSrnM7BV7QPzGfEX5paG/6wrZM3I0HDzfIAK06ESvo9oy3xBuVBxE3MbQaKNhvg8g/ixjMWo2CGpzpHsDA=="
    },
    "@element-plus/icons-vue": {
      "version": "0.2.4",
      "resolved": "https://registry.npmmirror.com/@element-plus/icons-vue/download/@element-plus/icons-vue-0.2.4.tgz",
      "integrity": "sha512-RsJNyL58rwxtsjeMy34o8txkL6UlME1stWsUlRpTac6UE9Bx9gdJvnDXbIKhOJqBLX17fBjmposdrn6VTqim2w=="
    },
    "@popperjs/core": {
      "version": "2.11.2",
      "resolved": "https://registry.npmmirror.com/@popperjs/core/download/@popperjs/core-2.11.2.tgz",
      "integrity": "sha512-92FRmppjjqz29VMJ2dn+xdyXZBrMlE42AV6Kq6BwjWV7CNUW1hs2FtxSNLQE+gJhaZ6AAmYuO9y8dshhcBl7vA=="
    },
    "@rollup/pluginutils": {
      "version": "4.1.2",
      "resolved": "https://registry.npmmirror.com/@rollup/pluginutils/download/@rollup/pluginutils-4.1.2.tgz",
      "integrity": "sha512-ROn4qvkxP9SyPeHaf7uQC/GPFY6L/OWy9+bd9AwcjOAWQwxRscoEyAUD8qCY5o5iL4jqQwoLk2kaTKJPb/HwzQ==",
      "dev": true,
      "requires": {
        "estree-walker": "^2.0.1",
        "picomatch": "^2.2.2"
      }
    },
    "@types/estree": {
      "version": "0.0.50",
      "resolved": "https://registry.npmmirror.com/@types/estree/download/@types/estree-0.0.50.tgz?cache=0&sync_timestamp=1637264753186&other_urls=https%3A%2F%2Fregistry.npmmirror.com%2F%40types%2Festree%2Fdownload%2F%40types%2Festree-0.0.50.tgz",
      "integrity": "sha1-Hgyqk2TT/M0pMcPtlv2+ql1MyoM=",
      "dev": true
    },
    "@types/node": {
      "version": "17.0.5",
      "resolved": "https://registry.npmmirror.com/@types/node/download/@types/node-17.0.5.tgz",
      "integrity": "sha512-w3mrvNXLeDYV1GKTZorGJQivK6XLCoGwpnyJFbJVK/aTBQUxOCaa/GlFAAN3OTDFcb7h5tiFG+YXCO2By+riZw==",
      "dev": true
    },
    "@types/qs": {
      "version": "6.9.7",
      "resolved": "https://registry.npmmirror.com/@types/qs/download/@types/qs-6.9.7.tgz?cache=0&sync_timestamp=1637268454704&other_urls=https%3A%2F%2Fregistry.npmmirror.com%2F%40types%2Fqs%2Fdownload%2F%40types%2Fqs-6.9.7.tgz",
      "integrity": "sha1-Y7t9Bn2xB8weRXwwO8JdUR/r9ss="
    },
    "@vitejs/plugin-vue": {
      "version": "2.0.1",
      "resolved": "https://registry.npmmirror.com/@vitejs/plugin-vue/download/@vitejs/plugin-vue-2.0.1.tgz",
      "integrity": "sha512-wtdMnGVvys9K8tg+DxowU1ytTrdVveXr3LzdhaKakysgGXyrsfaeds2cDywtvujEASjWOwWL/OgWM+qoeM8Plg==",
      "dev": true
    },
    "@vue/compiler-core": {
      "version": "3.2.25",
      "resolved": "https://registry.npmmirror.com/@vue/compiler-core/download/@vue/compiler-core-3.2.25.tgz",
      "integrity": "sha512-FlffKezIqztTCTyG0klkYRwhdyL6b1PTTCIerPb4p2R9qQaczccTX5g9ysi9w6tpLQ48a1WiXnFDJhWD7XoqwA==",
      "requires": {
        "@babel/parser": "^7.16.4",
        "@vue/shared": "3.2.25",
        "estree-walker": "^2.0.2",
        "source-map": "^0.6.1"
      }
    },
    "@vue/compiler-dom": {
      "version": "3.2.25",
      "resolved": "https://registry.npmmirror.com/@vue/compiler-dom/download/@vue/compiler-dom-3.2.25.tgz",
      "integrity": "sha512-4JrburkRg4VWbc8AKpzKFWbNY4MDXshqjFl53+vINq7zaw3Z7aSqnLv0EkKh8B8ynf/MYsAdygGutyVbEWYxOw==",
      "requires": {
        "@vue/compiler-core": "3.2.25",
        "@vue/shared": "3.2.25"
      }
    },
    "@vue/compiler-sfc": {
      "version": "3.2.25",
      "resolved": "https://registry.npmmirror.com/@vue/compiler-sfc/download/@vue/compiler-sfc-3.2.25.tgz",
      "integrity": "sha512-PminuOYIcFI7UZn+mdy2OPbogyAb0IHkVuqwmLDJiSRFhc/QAXQnO9KdS4nez3bQ9XlQmoAveQzcZuekHzdb5w==",
      "requires": {
        "@babel/parser": "^7.16.4",
        "@vue/compiler-core": "3.2.25",
        "@vue/compiler-dom": "3.2.25",
        "@vue/compiler-ssr": "3.2.25",
        "@vue/reactivity-transform": "3.2.25",
        "@vue/shared": "3.2.25",
        "estree-walker": "^2.0.2",
        "magic-string": "^0.25.7",
        "postcss": "^8.1.10",
        "source-map": "^0.6.1"
      }
    },
    "@vue/compiler-ssr": {
      "version": "3.2.25",
      "resolved": "https://registry.npmmirror.com/@vue/compiler-ssr/download/@vue/compiler-ssr-3.2.25.tgz",
      "integrity": "sha512-+BAl8U5D3JkGR6086PFx1BQQ5km3z9fT88hy/7lzf8i3vEDdPQodadnX2t6tndFjIux05MEKg43DeocOojT0mw==",
      "requires": {
        "@vue/compiler-dom": "3.2.25",
        "@vue/shared": "3.2.25"
      }
    },
    "@vue/devtools-api": {
      "version": "6.0.0-beta.21.1",
      "resolved": "https://registry.npmmirror.com/@vue/devtools-api/download/@vue/devtools-api-6.0.0-beta.21.1.tgz",
      "integrity": "sha512-FqC4s3pm35qGVeXRGOjTsRzlkJjrBLriDS9YXbflHLsfA9FrcKzIyWnLXoNm+/7930E8rRakXuAc2QkC50swAw=="
    },
    "@vue/reactivity": {
      "version": "3.2.25",
      "resolved": "https://registry.npmmirror.com/@vue/reactivity/download/@vue/reactivity-3.2.25.tgz",
      "integrity": "sha512-Dxc/u/dxoneIDqyfmuwPVBR0G3OQJqe3Dtz4z3NGt+CGj4UuOZQfN5raJPmp6xGYgrtC6PAWoCgHhyrgr1qCtg==",
      "requires": {
        "@vue/shared": "3.2.25"
      }
    },
    "@vue/reactivity-transform": {
      "version": "3.2.25",
      "resolved": "https://registry.npmmirror.com/@vue/reactivity-transform/download/@vue/reactivity-transform-3.2.25.tgz",
      "integrity": "sha512-fOiW67PUalicMfMr4Sc9l8mUtkN7ZD+G1/zJV8blzQ8GEZSeRcJm11gqve6Ps623ju5YORu7V/Q1gZoOJ9WO4g==",
      "requires": {
        "@babel/parser": "^7.16.4",
        "@vue/compiler-core": "3.2.25",
        "@vue/shared": "3.2.25",
        "estree-walker": "^2.0.2",
        "magic-string": "^0.25.7"
      }
    },
    "@vue/runtime-core": {
      "version": "3.2.25",
      "resolved": "https://registry.npmmirror.com/@vue/runtime-core/download/@vue/runtime-core-3.2.25.tgz",
      "integrity": "sha512-2+fo5+lofT4xr8W2rtjyz+AM+UB1U/UNLH6ISFdHWNWuveSWxF+vkCQaATmhp6O3XA7QJAbHoRqIZor20EWSfQ==",
      "requires": {
        "@vue/reactivity": "3.2.25",
        "@vue/shared": "3.2.25"
      }
    },
    "@vue/runtime-dom": {
      "version": "3.2.25",
      "resolved": "https://registry.npmmirror.com/@vue/runtime-dom/download/@vue/runtime-dom-3.2.25.tgz",
      "integrity": "sha512-3gGeyHnygn4yG6bssRKhQIxnE8vgB8FtYUUwoYoA/Pm0vZ+bGPoZax4TbtZD9eW9rvs8CY8boNp4t/sJaPJrRQ==",
      "requires": {
        "@vue/runtime-core": "3.2.25",
        "@vue/shared": "3.2.25",
        "csstype": "^2.6.8"
      }
    },
    "@vue/server-renderer": {
      "version": "3.2.25",
      "resolved": "https://registry.npmmirror.com/@vue/server-renderer/download/@vue/server-renderer-3.2.25.tgz",
      "integrity": "sha512-qFRmcyeyyhWbnTPn6cbCZ4bjeuPLSkUpFa98p4LEJtFBFbxjGnrHXHOjYxCY3Lznmxe0kMM3qG4t3GnjcXP12w==",
      "requires": {
        "@vue/compiler-ssr": "3.2.25",
        "@vue/shared": "3.2.25"
      }
    },
    "@vue/shared": {
      "version": "3.2.25",
      "resolved": "https://registry.npmmirror.com/@vue/shared/download/@vue/shared-3.2.25.tgz",
      "integrity": "sha512-DkHJFV2gw9WBRmUCa21eyG0WvlF0l1QFOgTkWj29O4mt2Tv3BSE5PQOKhUruZIym4bBYCqx9ZGtoD1WohDprow=="
    },
    "@vueuse/core": {
      "version": "7.5.2",
      "resolved": "https://registry.npmmirror.com/@vueuse/core/download/@vueuse/core-7.5.2.tgz",
      "integrity": "sha512-Y9bdJ7pTP6sckO2qbyfqm2fCsADCWwVck5ABimlnhMkuOZ2qq99ee6ABpc8EFCA2fdYf8DbedTNvJ2u7g+7Z7A==",
      "requires": {
        "@vueuse/shared": "7.5.2",
        "vue-demi": "*"
      }
    },
    "@vueuse/shared": {
      "version": "7.5.2",
      "resolved": "https://registry.npmmirror.com/@vueuse/shared/download/@vueuse/shared-7.5.2.tgz",
      "integrity": "sha512-sq006pazeTU2EcjEIitCkaN3MpUaTk39/WKDowxqBA6y8HwvclETIJsKJdpbL88tc+w2WmbcurWps4AJm5R77A==",
      "requires": {
        "vue-demi": "*"
      }
    },
    "anymatch": {
      "version": "3.1.2",
      "resolved": "https://registry.nlark.com/anymatch/download/anymatch-3.1.2.tgz",
      "integrity": "sha1-wFV8CWrzLxBhmPT04qODU343hxY=",
      "dev": true,
      "requires": {
        "normalize-path": "^3.0.0",
        "picomatch": "^2.0.4"
      }
    },
    "async-validator": {
      "version": "4.0.7",
      "resolved": "https://registry.npmmirror.com/async-validator/download/async-validator-4.0.7.tgz?cache=0&sync_timestamp=1634529574100&other_urls=https%3A%2F%2Fregistry.npmmirror.com%2Fasync-validator%2Fdownload%2Fasync-validator-4.0.7.tgz",
      "integrity": "sha1-A0oP0hA6ay6/AQ2nUYO+wpkkev4="
    },
    "axios": {
      "version": "0.24.0",
      "resolved": "https://registry.npmmirror.com/axios/download/axios-0.24.0.tgz",
      "integrity": "sha512-Q6cWsys88HoPgAaFAVUb0WpPk0O8iTeisR9IMqy9G8AbO4NlpVknrnQS03zzF9PGAWgO3cgletO3VjV/P7VztA==",
      "requires": {
        "follow-redirects": "^1.14.4"
      }
    },
    "binary-extensions": {
      "version": "2.2.0",
      "resolved": "https://registry.npm.taobao.org/binary-extensions/download/binary-extensions-2.2.0.tgz?cache=0&sync_timestamp=1610299308660&other_urls=https%3A%2F%2Fregistry.npm.taobao.org%2Fbinary-extensions%2Fdownload%2Fbinary-extensions-2.2.0.tgz",
      "integrity": "sha1-dfUC7q+f/eQvyYgpZFvk6na9ni0=",
      "dev": true
    },
    "braces": {
      "version": "3.0.2",
      "resolved": "https://registry.npm.taobao.org/braces/download/braces-3.0.2.tgz",
      "integrity": "sha1-NFThpGLujVmeI23zNs2epPiv4Qc=",
      "dev": true,
      "requires": {
        "fill-range": "^7.0.1"
      }
    },
    "call-bind": {
      "version": "1.0.2",
      "resolved": "https://registry.npm.taobao.org/call-bind/download/call-bind-1.0.2.tgz",
      "integrity": "sha1-sdTonmiBGcPJqQOtMKuy9qkZvjw=",
      "requires": {
        "function-bind": "^1.1.1",
        "get-intrinsic": "^1.0.2"
      }
    },
    "chokidar": {
      "version": "3.5.2",
      "resolved": "https://registry.npmmirror.com/chokidar/download/chokidar-3.5.2.tgz",
      "integrity": "sha512-ekGhOnNVPgT77r4K/U3GDhu+FQ2S8TnK/s2KbIGXi0SZWuwkZ2QNyfWdZW+TVfn84DpEP7rLeCt2UI6bJ8GwbQ==",
      "dev": true,
      "requires": {
        "anymatch": "~3.1.2",
        "braces": "~3.0.2",
        "fsevents": "~2.3.2",
        "glob-parent": "~5.1.2",
        "is-binary-path": "~2.1.0",
        "is-glob": "~4.0.1",
        "normalize-path": "~3.0.0",
        "readdirp": "~3.6.0"
      }
    },
    "csstype": {
      "version": "2.6.19",
      "resolved": "https://registry.npmmirror.com/csstype/download/csstype-2.6.19.tgz",
      "integrity": "sha512-ZVxXaNy28/k3kJg0Fou5MiYpp88j7H9hLZp8PDC3jV0WFjfH5E9xHb56L0W59cPbKbcHXeP4qyT8PrHp8t6LcQ=="
    },
    "dayjs": {
      "version": "1.10.7",
      "resolved": "https://registry.npmmirror.com/dayjs/download/dayjs-1.10.7.tgz",
      "integrity": "sha512-P6twpd70BcPK34K26uJ1KT3wlhpuOAPoMwJzpsIWUxHZ7wpmbdZL/hQqBDfz7hGurYSa5PhzdhDHtt319hL3ig=="
    },
    "echarts": {
      "version": "5.2.2",
      "resolved": "https://registry.npmmirror.com/echarts/download/echarts-5.2.2.tgz",
      "integrity": "sha512-yxuBfeIH5c+0FsoRP60w4De6omXhA06c7eUYBsC1ykB6Ys2yK5fSteIYWvkJ4xJVLQgCvAdO8C4mN6MLeJpBaw==",
      "requires": {
        "tslib": "2.3.0",
        "zrender": "5.2.1"
      }
    },
    "element-plus": {
      "version": "1.2.0-beta.6",
      "resolved": "https://registry.npmmirror.com/element-plus/download/element-plus-1.2.0-beta.6.tgz",
      "integrity": "sha512-8EdSIR/5/FHcSB8w1diAh+gJMHgxIvxuZoayY99k6taAR1QyEFHuPTgFccZLopJ1+iP4UEsZFz49l57qS08Utw==",
      "requires": {
        "@element-plus/icons-vue": "^0.2.2",
        "@popperjs/core": "^2.10.2",
        "@vueuse/core": "^7.0.0",
        "async-validator": "^4.0.7",
        "dayjs": "^1.10.7",
        "lodash": "^4.17.21",
        "memoize-one": "^6.0.0",
        "normalize-wheel-es": "^1.1.1"
      }
    },
    "esbuild": {
      "version": "0.13.15",
      "resolved": "https://registry.npmmirror.com/esbuild/download/esbuild-0.13.15.tgz",
      "integrity": "sha512-raCxt02HBKv8RJxE8vkTSCXGIyKHdEdGfUmiYb8wnabnaEmHzyW7DCHb5tEN0xU8ryqg5xw54mcwnYkC4x3AIw==",
      "dev": true,
      "requires": {
        "esbuild-android-arm64": "0.13.15",
        "esbuild-darwin-64": "0.13.15",
        "esbuild-darwin-arm64": "0.13.15",
        "esbuild-freebsd-64": "0.13.15",
        "esbuild-freebsd-arm64": "0.13.15",
        "esbuild-linux-32": "0.13.15",
        "esbuild-linux-64": "0.13.15",
        "esbuild-linux-arm": "0.13.15",
        "esbuild-linux-arm64": "0.13.15",
        "esbuild-linux-mips64le": "0.13.15",
        "esbuild-linux-ppc64le": "0.13.15",
        "esbuild-netbsd-64": "0.13.15",
        "esbuild-openbsd-64": "0.13.15",
        "esbuild-sunos-64": "0.13.15",
        "esbuild-windows-32": "0.13.15",
        "esbuild-windows-64": "0.13.15",
        "esbuild-windows-arm64": "0.13.15"
      }
    },
    "esbuild-android-arm64": {
      "version": "0.13.15",
      "resolved": "https://registry.npmmirror.com/esbuild-android-arm64/download/esbuild-android-arm64-0.13.15.tgz",
      "integrity": "sha512-m602nft/XXeO8YQPUDVoHfjyRVPdPgjyyXOxZ44MK/agewFFkPa8tUo6lAzSWh5Ui5PB4KR9UIFTSBKh/RrCmg==",
      "dev": true,
      "optional": true
    },
    "esbuild-darwin-64": {
      "version": "0.13.15",
      "resolved": "https://registry.npmmirror.com/esbuild-darwin-64/download/esbuild-darwin-64-0.13.15.tgz",
      "integrity": "sha512-ihOQRGs2yyp7t5bArCwnvn2Atr6X4axqPpEdCFPVp7iUj4cVSdisgvEKdNR7yH3JDjW6aQDw40iQFoTqejqxvQ==",
      "dev": true,
      "optional": true
    },
    "esbuild-darwin-arm64": {
      "version": "0.13.15",
      "resolved": "https://registry.npmmirror.com/esbuild-darwin-arm64/download/esbuild-darwin-arm64-0.13.15.tgz",
      "integrity": "sha512-i1FZssTVxUqNlJ6cBTj5YQj4imWy3m49RZRnHhLpefFIh0To05ow9DTrXROTE1urGTQCloFUXTX8QfGJy1P8dQ==",
      "dev": true,
      "optional": true
    },
    "esbuild-freebsd-64": {
      "version": "0.13.15",
      "resolved": "https://registry.npmmirror.com/esbuild-freebsd-64/download/esbuild-freebsd-64-0.13.15.tgz",
      "integrity": "sha512-G3dLBXUI6lC6Z09/x+WtXBXbOYQZ0E8TDBqvn7aMaOCzryJs8LyVXKY4CPnHFXZAbSwkCbqiPuSQ1+HhrNk7EA==",
      "dev": true,
      "optional": true
    },
    "esbuild-freebsd-arm64": {
      "version": "0.13.15",
      "resolved": "https://registry.npmmirror.com/esbuild-freebsd-arm64/download/esbuild-freebsd-arm64-0.13.15.tgz",
      "integrity": "sha512-KJx0fzEDf1uhNOZQStV4ujg30WlnwqUASaGSFPhznLM/bbheu9HhqZ6mJJZM32lkyfGJikw0jg7v3S0oAvtvQQ==",
      "dev": true,
      "optional": true
    },
    "esbuild-linux-32": {
      "version": "0.13.15",
      "resolved": "https://registry.npmmirror.com/esbuild-linux-32/download/esbuild-linux-32-0.13.15.tgz",
      "integrity": "sha512-ZvTBPk0YWCLMCXiFmD5EUtB30zIPvC5Itxz0mdTu/xZBbbHJftQgLWY49wEPSn2T/TxahYCRDWun5smRa0Tu+g==",
      "dev": true,
      "optional": true
    },
    "esbuild-linux-64": {
      "version": "0.13.15",
      "resolved": "https://registry.npmmirror.com/esbuild-linux-64/download/esbuild-linux-64-0.13.15.tgz",
      "integrity": "sha512-eCKzkNSLywNeQTRBxJRQ0jxRCl2YWdMB3+PkWFo2BBQYC5mISLIVIjThNtn6HUNqua1pnvgP5xX0nHbZbPj5oA==",
      "dev": true,
      "optional": true
    },
    "esbuild-linux-arm": {
      "version": "0.13.15",
      "resolved": "https://registry.npmmirror.com/esbuild-linux-arm/download/esbuild-linux-arm-0.13.15.tgz",
      "integrity": "sha512-wUHttDi/ol0tD8ZgUMDH8Ef7IbDX+/UsWJOXaAyTdkT7Yy9ZBqPg8bgB/Dn3CZ9SBpNieozrPRHm0BGww7W/jA==",
      "dev": true,
      "optional": true
    },
    "esbuild-linux-arm64": {
      "version": "0.13.15",
      "resolved": "https://registry.npmmirror.com/esbuild-linux-arm64/download/esbuild-linux-arm64-0.13.15.tgz",
      "integrity": "sha512-bYpuUlN6qYU9slzr/ltyLTR9YTBS7qUDymO8SV7kjeNext61OdmqFAzuVZom+OLW1HPHseBfJ/JfdSlx8oTUoA==",
      "dev": true,
      "optional": true
    },
    "esbuild-linux-mips64le": {
      "version": "0.13.15",
      "resolved": "https://registry.npmmirror.com/esbuild-linux-mips64le/download/esbuild-linux-mips64le-0.13.15.tgz",
      "integrity": "sha512-KlVjIG828uFPyJkO/8gKwy9RbXhCEUeFsCGOJBepUlpa7G8/SeZgncUEz/tOOUJTcWMTmFMtdd3GElGyAtbSWg==",
      "dev": true,
      "optional": true
    },
    "esbuild-linux-ppc64le": {
      "version": "0.13.15",
      "resolved": "https://registry.npmmirror.com/esbuild-linux-ppc64le/download/esbuild-linux-ppc64le-0.13.15.tgz",
      "integrity": "sha512-h6gYF+OsaqEuBjeesTBtUPw0bmiDu7eAeuc2OEH9S6mV9/jPhPdhOWzdeshb0BskRZxPhxPOjqZ+/OqLcxQwEQ==",
      "dev": true,
      "optional": true
    },
    "esbuild-netbsd-64": {
      "version": "0.13.15",
      "resolved": "https://registry.npmmirror.com/esbuild-netbsd-64/download/esbuild-netbsd-64-0.13.15.tgz",
      "integrity": "sha512-3+yE9emwoevLMyvu+iR3rsa+Xwhie7ZEHMGDQ6dkqP/ndFzRHkobHUKTe+NCApSqG5ce2z4rFu+NX/UHnxlh3w==",
      "dev": true,
      "optional": true
    },
    "esbuild-openbsd-64": {
      "version": "0.13.15",
      "resolved": "https://registry.npmmirror.com/esbuild-openbsd-64/download/esbuild-openbsd-64-0.13.15.tgz",
      "integrity": "sha512-wTfvtwYJYAFL1fSs8yHIdf5GEE4NkbtbXtjLWjM3Cw8mmQKqsg8kTiqJ9NJQe5NX/5Qlo7Xd9r1yKMMkHllp5g==",
      "dev": true,
      "optional": true
    },
    "esbuild-sunos-64": {
      "version": "0.13.15",
      "resolved": "https://registry.npmmirror.com/esbuild-sunos-64/download/esbuild-sunos-64-0.13.15.tgz",
      "integrity": "sha512-lbivT9Bx3t1iWWrSnGyBP9ODriEvWDRiweAs69vI+miJoeKwHWOComSRukttbuzjZ8r1q0mQJ8Z7yUsDJ3hKdw==",
      "dev": true,
      "optional": true
    },
    "esbuild-windows-32": {
      "version": "0.13.15",
      "resolved": "https://registry.npmmirror.com/esbuild-windows-32/download/esbuild-windows-32-0.13.15.tgz",
      "integrity": "sha512-fDMEf2g3SsJ599MBr50cY5ve5lP1wyVwTe6aLJsM01KtxyKkB4UT+fc5MXQFn3RLrAIAZOG+tHC+yXObpSn7Nw==",
      "dev": true,
      "optional": true
    },
    "esbuild-windows-64": {
      "version": "0.13.15",
      "resolved": "https://registry.npmmirror.com/esbuild-windows-64/download/esbuild-windows-64-0.13.15.tgz",
      "integrity": "sha512-9aMsPRGDWCd3bGjUIKG/ZOJPKsiztlxl/Q3C1XDswO6eNX/Jtwu4M+jb6YDH9hRSUflQWX0XKAfWzgy5Wk54JQ==",
      "dev": true,
      "optional": true
    },
    "esbuild-windows-arm64": {
      "version": "0.13.15",
      "resolved": "https://registry.npmmirror.com/esbuild-windows-arm64/download/esbuild-windows-arm64-0.13.15.tgz",
      "integrity": "sha512-zzvyCVVpbwQQATaf3IG8mu1IwGEiDxKkYUdA4FpoCHi1KtPa13jeScYDjlW0Qh+ebWzpKfR2ZwvqAQkSWNcKjA==",
      "dev": true,
      "optional": true
    },
    "estree-walker": {
      "version": "2.0.2",
      "resolved": "https://registry.npmmirror.com/estree-walker/download/estree-walker-2.0.2.tgz",
      "integrity": "sha1-UvAQF4wqTBF6d1fP6UKtt9LaTKw="
    },
    "fill-range": {
      "version": "7.0.1",
      "resolved": "https://registry.npm.taobao.org/fill-range/download/fill-range-7.0.1.tgz",
      "integrity": "sha1-GRmmp8df44ssfHflGYU12prN2kA=",
      "dev": true,
      "requires": {
        "to-regex-range": "^5.0.1"
      }
    },
    "follow-redirects": {
      "version": "1.14.6",
      "resolved": "https://registry.npmmirror.com/follow-redirects/download/follow-redirects-1.14.6.tgz",
      "integrity": "sha512-fhUl5EwSJbbl8AR+uYL2KQDxLkdSjZGR36xy46AO7cOMTrCMON6Sa28FmAnC2tRTDbd/Uuzz3aJBv7EBN7JH8A=="
    },
    "fsevents": {
      "version": "2.3.2",
      "resolved": "https://registry.npmmirror.com/fsevents/download/fsevents-2.3.2.tgz",
      "integrity": "sha1-ilJveLj99GI7cJ4Ll1xSwkwC/Ro=",
      "dev": true,
      "optional": true
    },
    "function-bind": {
      "version": "1.1.1",
      "resolved": "https://registry.npm.taobao.org/function-bind/download/function-bind-1.1.1.tgz",
      "integrity": "sha1-pWiZ0+o8m6uHS7l3O3xe3pL0iV0="
    },
    "get-intrinsic": {
      "version": "1.1.1",
      "resolved": "https://registry.nlark.com/get-intrinsic/download/get-intrinsic-1.1.1.tgz",
      "integrity": "sha1-FfWfN2+FXERpY5SPDSTNNje0q8Y=",
      "requires": {
        "function-bind": "^1.1.1",
        "has": "^1.0.3",
        "has-symbols": "^1.0.1"
      }
    },
    "glob-parent": {
      "version": "5.1.2",
      "resolved": "https://registry.npmmirror.com/glob-parent/download/glob-parent-5.1.2.tgz?cache=0&sync_timestamp=1632953697891&other_urls=https%3A%2F%2Fregistry.npmmirror.com%2Fglob-parent%2Fdownload%2Fglob-parent-5.1.2.tgz",
      "integrity": "sha1-hpgyxYA0/mikCTwX3BXoNA2EAcQ=",
      "dev": true,
      "requires": {
        "is-glob": "^4.0.1"
      }
    },
    "has": {
      "version": "1.0.3",
      "resolved": "https://registry.npm.taobao.org/has/download/has-1.0.3.tgz",
      "integrity": "sha1-ci18v8H2qoJB8W3YFOAR4fQeh5Y=",
      "requires": {
        "function-bind": "^1.1.1"
      }
    },
    "has-symbols": {
      "version": "1.0.2",
      "resolved": "https://registry.npm.taobao.org/has-symbols/download/has-symbols-1.0.2.tgz?cache=0&sync_timestamp=1614443617831&other_urls=https%3A%2F%2Fregistry.npm.taobao.org%2Fhas-symbols%2Fdownload%2Fhas-symbols-1.0.2.tgz",
      "integrity": "sha1-Fl0wcMADCXUqEjakeTMeOsVvFCM="
    },
    "immutable": {
      "version": "4.0.0",
      "resolved": "https://registry.npmmirror.com/immutable/download/immutable-4.0.0.tgz?cache=0&sync_timestamp=1633650938783&other_urls=https%3A%2F%2Fregistry.npmmirror.com%2Fimmutable%2Fdownload%2Fimmutable-4.0.0.tgz",
      "integrity": "sha1-uG943mre82CDle+yaakUYnl+LCM=",
      "dev": true
    },
    "is-binary-path": {
      "version": "2.1.0",
      "resolved": "https://registry.npm.taobao.org/is-binary-path/download/is-binary-path-2.1.0.tgz",
      "integrity": "sha1-6h9/O4DwZCNug0cPhsCcJU+0Wwk=",
      "dev": true,
      "requires": {
        "binary-extensions": "^2.0.0"
      }
    },
    "is-core-module": {
      "version": "2.8.0",
      "resolved": "https://registry.npmmirror.com/is-core-module/download/is-core-module-2.8.0.tgz?cache=0&other_urls=https%3A%2F%2Fregistry.npmmirror.com%2Fis-core-module%2Fdownload%2Fis-core-module-2.8.0.tgz",
      "integrity": "sha1-AyEzbD0JJeSX/Zf12VyxFKXM1Ug=",
      "dev": true,
      "requires": {
        "has": "^1.0.3"
      }
    },
    "is-extglob": {
      "version": "2.1.1",
      "resolved": "https://registry.npm.taobao.org/is-extglob/download/is-extglob-2.1.1.tgz",
      "integrity": "sha1-qIwCU1eR8C7TfHahueqXc8gz+MI=",
      "dev": true
    },
    "is-glob": {
      "version": "4.0.3",
      "resolved": "https://registry.npmmirror.com/is-glob/download/is-glob-4.0.3.tgz",
      "integrity": "sha1-ZPYeQsu7LuwgcanawLKLoeZdUIQ=",
      "dev": true,
      "requires": {
        "is-extglob": "^2.1.1"
      }
    },
    "is-number": {
      "version": "7.0.0",
      "resolved": "https://registry.npm.taobao.org/is-number/download/is-number-7.0.0.tgz",
      "integrity": "sha1-dTU0W4lnNNX4DE0GxQlVUnoU8Ss=",
      "dev": true
    },
    "is-reference": {
      "version": "1.2.1",
      "resolved": "https://registry.nlark.com/is-reference/download/is-reference-1.2.1.tgz",
      "integrity": "sha1-iy2sCzcfS8mU/eq6nrVC0DAC0Lc=",
      "dev": true,
      "requires": {
        "@types/estree": "*"
      }
    },
    "klona": {
      "version": "2.0.5",
      "resolved": "https://registry.npmmirror.com/klona/download/klona-2.0.5.tgz?cache=0&sync_timestamp=1635385383825&other_urls=https%3A%2F%2Fregistry.npmmirror.com%2Fklona%2Fdownload%2Fklona-2.0.5.tgz",
      "integrity": "sha1-0WZXTZAHY5XZljqnqSj6u412r7w=",
      "dev": true
    },
    "lodash": {
      "version": "4.17.21",
      "resolved": "https://registry.npmmirror.com/lodash/download/lodash-4.17.21.tgz",
      "integrity": "sha512-v2kDEe57lecTulaDIuNTPy3Ry4gLGJ6Z1O3vE1krgXZNrsQ+LFTGHVxVjcXPs17LhbZVGedAJv8XZ1tvj5FvSg=="
    },
    "magic-string": {
      "version": "0.25.7",
      "resolved": "https://registry.nlark.com/magic-string/download/magic-string-0.25.7.tgz?cache=0&sync_timestamp=1618847046304&other_urls=https%3A%2F%2Fregistry.nlark.com%2Fmagic-string%2Fdownload%2Fmagic-string-0.25.7.tgz",
      "integrity": "sha1-P0l9b9NMZpxnmNy4IfLvMfVEUFE=",
      "requires": {
        "sourcemap-codec": "^1.4.4"
      }
    },
    "memoize-one": {
      "version": "6.0.0",
      "resolved": "https://registry.npmmirror.com/memoize-one/download/memoize-one-6.0.0.tgz?cache=0&sync_timestamp=1634697208428&other_urls=https%3A%2F%2Fregistry.npmmirror.com%2Fmemoize-one%2Fdownload%2Fmemoize-one-6.0.0.tgz",
      "integrity": "sha1-slkbhx7YKUiu5HJ9xqvO7qyMEEU="
    },
    "nanoid": {
      "version": "3.1.30",
      "resolved": "https://registry.npmmirror.com/nanoid/download/nanoid-3.1.30.tgz",
      "integrity": "sha512-zJpuPDwOv8D2zq2WRoMe1HsfZthVewpel9CAvTfc/2mBD1uUT/agc5f7GHGWXlYkFvi1mVxe4IjvP2HNrop7nQ=="
    },
    "neo-async": {
      "version": "2.6.2",
      "resolved": "https://registry.npm.taobao.org/neo-async/download/neo-async-2.6.2.tgz",
      "integrity": "sha1-tKr7k+OustgXTKU88WOrfXMIMF8=",
      "dev": true
    },
    "normalize-path": {
      "version": "3.0.0",
      "resolved": "https://registry.npm.taobao.org/normalize-path/download/normalize-path-3.0.0.tgz",
      "integrity": "sha1-Dc1p/yOhybEf0JeDFmRKA4ghamU=",
      "dev": true
    },
    "normalize-wheel-es": {
      "version": "1.1.1",
      "resolved": "https://registry.npmmirror.com/normalize-wheel-es/download/normalize-wheel-es-1.1.1.tgz",
      "integrity": "sha1-qAlttqVvlDMtiE/Y6+2ojy/HlWk="
    },
    "object-inspect": {
      "version": "1.12.0",
      "resolved": "https://registry.npmmirror.com/object-inspect/download/object-inspect-1.12.0.tgz",
      "integrity": "sha512-Ho2z80bVIvJloH+YzRmpZVQe87+qASmBUKZDWgx9cu+KDrX2ZDH/3tMy+gXbZETVGs2M8YdxObOh7XAtim9Y0g=="
    },
    "path-parse": {
      "version": "1.0.7",
      "resolved": "https://registry.nlark.com/path-parse/download/path-parse-1.0.7.tgz",
      "integrity": "sha1-+8EUtgykKzDZ2vWFjkvWi77bZzU=",
      "dev": true
    },
    "picocolors": {
      "version": "1.0.0",
      "resolved": "https://registry.npmmirror.com/picocolors/download/picocolors-1.0.0.tgz?cache=0&sync_timestamp=1634093442271&other_urls=https%3A%2F%2Fregistry.npmmirror.com%2Fpicocolors%2Fdownload%2Fpicocolors-1.0.0.tgz",
      "integrity": "sha1-y1vcdP8/UYkiNur3nWi8RFZKuBw="
    },
    "picomatch": {
      "version": "2.3.0",
      "resolved": "https://registry.nlark.com/picomatch/download/picomatch-2.3.0.tgz",
      "integrity": "sha1-8fBh3o9qS/AiiS4tEoI0+5gwKXI=",
      "dev": true
    },
    "postcss": {
      "version": "8.4.5",
      "resolved": "https://registry.npmmirror.com/postcss/download/postcss-8.4.5.tgz",
      "integrity": "sha512-jBDboWM8qpaqwkMwItqTQTiFikhs/67OYVvblFFTM7MrZjt6yMKd6r2kgXizEbTTljacm4NldIlZnhbjr84QYg==",
      "requires": {
        "nanoid": "^3.1.30",
        "picocolors": "^1.0.0",
        "source-map-js": "^1.0.1"
      }
    },
    "qs": {
      "version": "6.10.2",
      "resolved": "https://registry.npmmirror.com/qs/download/qs-6.10.2.tgz",
      "integrity": "sha512-mSIdjzqznWgfd4pMii7sHtaYF8rx8861hBO80SraY5GT0XQibWZWJSid0avzHGkDIZLImux2S5mXO0Hfct2QCw==",
      "requires": {
        "side-channel": "^1.0.4"
      }
    },
    "readdirp": {
      "version": "3.6.0",
      "resolved": "https://registry.nlark.com/readdirp/download/readdirp-3.6.0.tgz",
      "integrity": "sha1-dKNwvYVxFuJFspzJc0DNQxoCpsc=",
      "dev": true,
      "requires": {
        "picomatch": "^2.2.1"
      }
    },
    "resolve": {
      "version": "1.20.0",
      "resolved": "https://registry.npm.taobao.org/resolve/download/resolve-1.20.0.tgz?cache=0&sync_timestamp=1613054822645&other_urls=https%3A%2F%2Fregistry.npm.taobao.org%2Fresolve%2Fdownload%2Fresolve-1.20.0.tgz",
      "integrity": "sha1-YpoBP7P3B1XW8LeTXMHCxTeLGXU=",
      "dev": true,
      "requires": {
        "is-core-module": "^2.2.0",
        "path-parse": "^1.0.6"
      }
    },
    "rollup": {
      "version": "2.62.0",
      "resolved": "https://registry.npmmirror.com/rollup/download/rollup-2.62.0.tgz",
      "integrity": "sha512-cJEQq2gwB0GWMD3rYImefQTSjrPYaC6s4J9pYqnstVLJ1CHa/aZNVkD4Epuvg4iLeMA4KRiq7UM7awKK6j7jcw==",
      "dev": true,
      "requires": {
        "fsevents": "~2.3.2"
      }
    },
    "rollup-plugin-commonjs": {
      "version": "10.1.0",
      "resolved": "https://registry.npmmirror.com/rollup-plugin-commonjs/download/rollup-plugin-commonjs-10.1.0.tgz",
      "integrity": "sha1-QXrztUUDh44ITRJ6300cr4vrhvs=",
      "dev": true,
      "requires": {
        "estree-walker": "^0.6.1",
        "is-reference": "^1.1.2",
        "magic-string": "^0.25.2",
        "resolve": "^1.11.0",
        "rollup-pluginutils": "^2.8.1"
      },
      "dependencies": {
        "estree-walker": {
          "version": "0.6.1",
          "resolved": "https://registry.npmmirror.com/estree-walker/download/estree-walker-0.6.1.tgz",
          "integrity": "sha1-UwSRQ/QMbrkYsjZx0f4yGfOhs2I=",
          "dev": true
        }
      }
    },
    "rollup-plugin-external-globals": {
      "version": "0.6.1",
      "resolved": "https://registry.nlark.com/rollup-plugin-external-globals/download/rollup-plugin-external-globals-0.6.1.tgz",
      "integrity": "sha1-hhwmC1cnFE4P0bQksQP58Cgvw2U=",
      "dev": true,
      "requires": {
        "@rollup/pluginutils": "^4.0.0",
        "estree-walker": "^2.0.1",
        "is-reference": "^1.2.1",
        "magic-string": "^0.25.7"
      }
    },
    "rollup-pluginutils": {
      "version": "2.8.2",
      "resolved": "https://registry.npm.taobao.org/rollup-pluginutils/download/rollup-pluginutils-2.8.2.tgz",
      "integrity": "sha1-cvKvB0i1kjZNvTOJ5gDlqURKNR4=",
      "dev": true,
      "requires": {
        "estree-walker": "^0.6.1"
      },
      "dependencies": {
        "estree-walker": {
          "version": "0.6.1",
          "resolved": "https://registry.npmmirror.com/estree-walker/download/estree-walker-0.6.1.tgz",
          "integrity": "sha1-UwSRQ/QMbrkYsjZx0f4yGfOhs2I=",
          "dev": true
        }
      }
    },
    "sass": {
      "version": "1.45.1",
      "resolved": "https://registry.npmmirror.com/sass/download/sass-1.45.1.tgz",
      "integrity": "sha512-pwPRiq29UR0o4X3fiQyCtrESldXvUQAAE0QmcJTpsI4kuHHcLzZ54M1oNBVIXybQv8QF2zfkpFcTxp8ta97dUA==",
      "dev": true,
      "requires": {
        "chokidar": ">=3.0.0 <4.0.0",
        "immutable": "^4.0.0",
        "source-map-js": ">=0.6.2 <2.0.0"
      }
    },
    "sass-loader": {
      "version": "12.4.0",
      "resolved": "https://registry.npmmirror.com/sass-loader/download/sass-loader-12.4.0.tgz",
      "integrity": "sha512-7xN+8khDIzym1oL9XyS6zP6Ges+Bo2B2xbPrjdMHEYyV3AQYhd/wXeru++3ODHF0zMjYmVadblSKrPrjEkL8mg==",
      "dev": true,
      "requires": {
        "klona": "^2.0.4",
        "neo-async": "^2.6.2"
      }
    },
    "side-channel": {
      "version": "1.0.4",
      "resolved": "https://registry.nlark.com/side-channel/download/side-channel-1.0.4.tgz",
      "integrity": "sha1-785cj9wQTudRslxY1CkAEfpeos8=",
      "requires": {
        "call-bind": "^1.0.0",
        "get-intrinsic": "^1.0.2",
        "object-inspect": "^1.9.0"
      }
    },
    "source-map": {
      "version": "0.6.1",
      "resolved": "https://registry.npm.taobao.org/source-map/download/source-map-0.6.1.tgz",
      "integrity": "sha1-dHIq8y6WFOnCh6jQu95IteLxomM="
    },
    "source-map-js": {
      "version": "1.0.1",
      "resolved": "https://registry.npmmirror.com/source-map-js/download/source-map-js-1.0.1.tgz?cache=0&sync_timestamp=1636400772640&other_urls=https%3A%2F%2Fregistry.npmmirror.com%2Fsource-map-js%2Fdownload%2Fsource-map-js-1.0.1.tgz",
      "integrity": "sha512-4+TN2b3tqOCd/kaGRJ/sTYA0tR0mdXx26ipdolxcwtJVqEnqNYvlCAt1q3ypy4QMlYus+Zh34RNtYLoq2oQ4IA=="
    },
    "sourcemap-codec": {
      "version": "1.4.8",
      "resolved": "https://registry.nlark.com/sourcemap-codec/download/sourcemap-codec-1.4.8.tgz",
      "integrity": "sha1-6oBL2UhXQC5pktBaOO8a41qatMQ="
    },
    "to-regex-range": {
      "version": "5.0.1",
      "resolved": "https://registry.npm.taobao.org/to-regex-range/download/to-regex-range-5.0.1.tgz",
      "integrity": "sha1-FkjESq58jZiKMmAY7XL1tN0DkuQ=",
      "dev": true,
      "requires": {
        "is-number": "^7.0.0"
      }
    },
    "tslib": {
      "version": "2.3.0",
      "resolved": "https://registry.npmmirror.com/tslib/download/tslib-2.3.0.tgz",
      "integrity": "sha512-N82ooyxVNm6h1riLCoyS9e3fuJ3AMG2zIZs2Gd1ATcSFjSA23Q0fzjjZeh0jbJvWVDZ0cJT8yaNNaaXHzueNjg=="
    },
    "typescript": {
      "version": "4.5.4",
      "resolved": "https://registry.npmmirror.com/typescript/download/typescript-4.5.4.tgz",
      "integrity": "sha512-VgYs2A2QIRuGphtzFV7aQJduJ2gyfTljngLzjpfW9FoYZF6xuw1W0vW9ghCKLfcWrCFxK81CSGRAvS1pn4fIUg==",
      "dev": true
    },
    "vite": {
      "version": "2.7.10",
      "resolved": "https://registry.npmmirror.com/vite/download/vite-2.7.10.tgz",
      "integrity": "sha512-KEY96ntXUid1/xJihJbgmLZx7QSC2D4Tui0FdS0Old5OokYzFclcofhtxtjDdGOk/fFpPbHv9yw88+rB93Tb8w==",
      "dev": true,
      "requires": {
        "esbuild": "^0.13.12",
        "fsevents": "~2.3.2",
        "postcss": "^8.4.5",
        "resolve": "^1.20.0",
        "rollup": "^2.59.0"
      }
    },
    "vue": {
      "version": "3.2.25",
      "resolved": "https://registry.npmmirror.com/vue/download/vue-3.2.25.tgz",
      "integrity": "sha512-jU3t7fyQDHoCWCqhmRrnSmYZvHC35tOJTP704di7HGfq5EcFA1cU/1ZPjUV1eCxJev65Khjyfni+vk9oa+eTtw==",
      "requires": {
        "@vue/compiler-dom": "3.2.25",
        "@vue/compiler-sfc": "3.2.25",
        "@vue/runtime-dom": "3.2.25",
        "@vue/server-renderer": "3.2.25",
        "@vue/shared": "3.2.25"
      }
    },
    "vue-demi": {
      "version": "0.12.1",
      "resolved": "https://registry.npmmirror.com/vue-demi/download/vue-demi-0.12.1.tgz",
      "integrity": "sha1-9+GO++z/0RqwadFHLXoG4xm0F0w="
    },
    "vue-router": {
      "version": "4.0.12",
      "resolved": "https://registry.npmmirror.com/vue-router/download/vue-router-4.0.12.tgz",
      "integrity": "sha512-CPXvfqe+mZLB1kBWssssTiWg4EQERyqJZes7USiqfW9B5N2x+nHlnsM1D3b5CaJ6qgCvMmYJnz+G0iWjNCvXrg==",
      "requires": {
        "@vue/devtools-api": "^6.0.0-beta.18"
      }
    },
    "vuex": {
      "version": "4.0.2",
      "resolved": "https://registry.npmmirror.com/vuex/download/vuex-4.0.2.tgz",
      "integrity": "sha512-M6r8uxELjZIK8kTKDGgZTYX/ahzblnzC4isU1tpmEuOIIKmV+TRdc+H4s8ds2NuZ7wpUTdGRzJRtoj+lI+pc0Q==",
      "requires": {
        "@vue/devtools-api": "^6.0.0-beta.11"
      }
    },
    "zrender": {
      "version": "5.2.1",
      "resolved": "https://registry.npmmirror.com/zrender/download/zrender-5.2.1.tgz",
      "integrity": "sha1-X0u9qRW6bUErCxncJDG+qtBUF7s=",
      "requires": {
        "tslib": "2.3.0"
      }
    }
  }
}
