{
  "name": "redis_test",
  "version": "1.0.0",
  "lockfileVersion": 1,
  "requires": true,
  "dependencies": {
    "@node-redis/bloom": {
      "version": "1.0.1",
      "resolved": "https://registry.npmmirror.com/@node-redis/bloom/download/@node-redis/bloom-1.0.1.tgz",
      "integrity": "sha512-mXEBvEIgF4tUzdIN89LiYsbi6//EdpFA7L8M+DHCvePXg+bfHWi+ct5VI6nHUFQE5+ohm/9wmgihCH3HSkeKsw=="
    },
    "@node-redis/client": {
      "version": "1.0.2",
      "resolved": "https://registry.npmmirror.com/@node-redis/client/download/@node-redis/client-1.0.2.tgz",
      "integrity": "sha512-C+gkx68pmTnxfV+y4pzasvCH3s4UGHNOAUNhdJxGI27aMdnXNDZct7ffDHBL7bAZSGv9FSwCP5PeYvEIEKGbiA==",
      "requires": {
        "cluster-key-slot": "1.1.0",
        "generic-pool": "3.8.2",
        "redis-parser": "3.0.0",
        "yallist": "4.0.0"
      }
    },
    "@node-redis/json": {
      "version": "1.0.2",
      "resolved": "https://registry.npmmirror.com/@node-redis/json/download/@node-redis/json-1.0.2.tgz",
      "integrity": "sha512-qVRgn8WfG46QQ08CghSbY4VhHFgaTY71WjpwRBGEuqGPfWwfRcIf3OqSpR7Q/45X+v3xd8mvYjywqh0wqJ8T+g=="
    },
    "@node-redis/search": {
      "version": "1.0.2",
      "resolved": "https://registry.npmmirror.com/@node-redis/search/download/@node-redis/search-1.0.2.tgz",
      "integrity": "sha512-gWhEeji+kTAvzZeguUNJdMSZNH2c5dv3Bci8Nn2f7VGuf6IvvwuZDSBOuOlirLVgayVuWzAG7EhwaZWK1VDnWQ=="
    },
    "@node-redis/time-series": {
      "version": "1.0.1",
      "resolved": "https://registry.npmmirror.com/@node-redis/time-series/download/@node-redis/time-series-1.0.1.tgz",
      "integrity": "sha512-+nTn6EewVj3GlUXPuD3dgheWqo219jTxlo6R+pg24OeVvFHx9aFGGiyOgj3vBPhWUdRZ0xMcujXV5ki4fbLyMw=="
    },
    "cluster-key-slot": {
      "version": "1.1.0",
      "resolved": "https://registry.npm.taobao.org/cluster-key-slot/download/cluster-key-slot-1.1.0.tgz",
      "integrity": "sha1-MEdLKpgfsSFyaVgzBSvA0BM20Q0="
    },
    "generic-pool": {
      "version": "3.8.2",
      "resolved": "https://registry.nlark.com/generic-pool/download/generic-pool-3.8.2.tgz?cache=0&sync_timestamp=1626125822216&other_urls=https%3A%2F%2Fregistry.nlark.com%2Fgeneric-pool%2Fdownload%2Fgeneric-pool-3.8.2.tgz",
      "integrity": "sha1-qrTygK21Iv373F5bZNcY02g/BOk="
    },
    "redis": {
      "version": "4.0.2",
      "resolved": "https://registry.npmmirror.com/redis/download/redis-4.0.2.tgz",
      "integrity": "sha512-Ip1DJ/lwuvtJz9AZ6pl1Bv33fWzk5d3iQpGzsXpi04ErkT4fq0pfGOm4k/p9DHmPGieEIOWvJ9xmIeQMooLybg==",
      "requires": {
        "@node-redis/bloom": "^1.0.0",
        "@node-redis/client": "^1.0.2",
        "@node-redis/json": "^1.0.2",
        "@node-redis/search": "^1.0.2",
        "@node-redis/time-series": "^1.0.1"
      }
    },
    "redis-errors": {
      "version": "1.2.0",
      "resolved": "https://registry.npm.taobao.org/redis-errors/download/redis-errors-1.2.0.tgz",
      "integrity": "sha1-62LSrbFeTq9GEMBK/hUpOEJQq60="
    },
    "redis-parser": {
      "version": "3.0.0",
      "resolved": "https://registry.npm.taobao.org/redis-parser/download/redis-parser-3.0.0.tgz",
      "integrity": "sha1-tm2CjNyv5rS4pCin3vTGvKwxyLQ=",
      "requires": {
        "redis-errors": "^1.0.0"
      }
    },
    "yallist": {
      "version": "4.0.0",
      "resolved": "https://registry.npm.taobao.org/yallist/download/yallist-4.0.0.tgz",
      "integrity": "sha1-m7knkNnA7/7GO+c1GeEaNQGaOnI="
    }
  }
}
